{
  "name": "pr_receiver",
  "version": "0.0.7",
  "lockfileVersion": 1,
  "requires": true,
  "dependencies": {
    "@luislongo/pr_emitter": {
      "version": "2023.3.172",
      "resolved": "https://npm.pkg.github.com/download/@luislongo/pr_emitter/2023.3.172/80c8a8a27f402d671a42fbead8c57da5086b8476",
      "integrity": "sha512-PDUhq5JVpG3j1lA3KMou9mFgrm95FwVSnmn2A4LuOL/Vium2Yg6oveCoG0jquzJg3GVEn58JjYybp5qZqjsntQ==",
      "dev": true
    }
  }
}
