{
  "name": "pr_receiver",
  "version": "0.0.7",
  "lockfileVersion": 1,
  "requires": true,
  "dependencies": {
    "@luislongo/pr_emitter": {
      "version": "2023.3.195",
      "resolved": "https://npm.pkg.github.com/download/@luislongo/pr_emitter/2023.3.195/dc1de7c02a950700482befb97595c6d18d7b852e",
      "integrity": "sha512-6tOB8C50J3gQ8ipv7jBzUub4jx9hhKItrTXwkMakrh9aLDA/Hkmz4dCABtzyu/1QJ6e/uI+1q5ZLyR5xZbaLvg==",
      "dev": true
    }
  }
}
