{
  "name": "pr_receiver",
  "version": "0.0.7",
  "lockfileVersion": 1,
  "requires": true,
  "dependencies": {
    "@luislongo/pr_emitter": {
      "version": "2023.3.180",
      "resolved": "https://npm.pkg.github.com/download/@luislongo/pr_emitter/2023.3.180/526fdea1a76c6dbb6b1dedca8b17c30b481898f9",
      "integrity": "sha512-tsVJsjwLykGm7zOB+QY5v2ZcDca1hRH8OMAEtVwXBGsuiTm5nukHgcpK17hguc0nCyD7Dyq2E7+VUv8cguBtzg==",
      "dev": true
    }
  }
}
